<?xml version="1.0" encoding="utf-8"?>
<Project ToolsVersion="4.0" xmlns="http://schemas.microsoft.com/developer/msbuild/2003">
  <ItemGroup>
    <Filter Include="Source Files">
      <UniqueIdentifier>{21c3d943-b351-43d5-9e90-6aa1b5641a9f}</UniqueIdentifier>
      <Extensions>cpp;c;cxx;rc;def;r;odl;idl;hpj;bat</Extensions>
    </Filter>
    <Filter Include="Header Files">
      <UniqueIdentifier>{1fcdd458-4fbd-4020-aa9b-b6d6f6571b10}</UniqueIdentifier>
      <Extensions>h;hpp;hxx;hm;inl</Extensions>
    </Filter>
    <Filter Include="Resource Files">
      <UniqueIdentifier>{a7a56956-064a-423a-9f97-5cbabd6addbd}</UniqueIdentifier>
      <Extensions>ico;cur;bmp;dlg;rc2;rct;bin;rgs;gif;jpg;jpeg;jpe</Extensions>
    </Filter>
  </ItemGroup>
  <ItemGroup>
    <ClCompile Include="CarImage.cpp">
      <Filter>Source Files</Filter>
    </ClCompile>
    <ClCompile Include="CBKMap.cpp">
      <Filter>Source Files</Filter>
    </ClCompile>
    <ClCompile Include="CBKMapCtl.cpp">
      <Filter>Source Files</Filter>
    </ClCompile>
    <ClCompile Include="CBKMapPpg.cpp">
      <Filter>Source Files</Filter>
    </ClCompile>
    <ClCompile Include="StdAfx.cpp">
      <Filter>Source Files</Filter>
    </ClCompile>
    <ClCompile Include="ToolzDlg.cpp">
      <Filter>Source Files</Filter>
    </ClCompile>
    <ClCompile Include="WideCharString.cpp">
      <Filter>Source Files</Filter>
    </ClCompile>
  </ItemGroup>
  <ItemGroup>
    <Midl Include="CBKMap.odl">
      <Filter>Source Files</Filter>
    </Midl>
  </ItemGroup>
  <ItemGroup>
    <ResourceCompile Include="CBKMap.rc">
      <Filter>Source Files</Filter>
    </ResourceCompile>
  </ItemGroup>
  <ItemGroup>
    <ClInclude Include="CarImage.h">
      <Filter>Header Files</Filter>
    </ClInclude>
    <ClInclude Include="CBKMap.h">
      <Filter>Header Files</Filter>
    </ClInclude>
    <ClInclude Include="CBKMapCtl.h">
      <Filter>Header Files</Filter>
    </ClInclude>
    <ClInclude Include="CBKMapPpg.h">
      <Filter>Header Files</Filter>
    </ClInclude>
    <ClInclude Include="Resource.h">
      <Filter>Header Files</Filter>
    </ClInclude>
    <ClInclude Include="StdAfx.h">
      <Filter>Header Files</Filter>
    </ClInclude>
    <ClInclude Include="ToolzDlg.h">
      <Filter>Header Files</Filter>
    </ClInclude>
    <ClInclude Include="WideCharString.h">
      <Filter>Header Files</Filter>
    </ClInclude>
  </ItemGroup>
  <ItemGroup>
    <CustomBuild Include="CBKMap.def">
      <Filter>Source Files</Filter>
    </CustomBuild>
    <CustomBuild Include="res\BTNShowTool.bmp">
      <Filter>Resource Files</Filter>
    </CustomBuild>
    <CustomBuild Include="CBKMap.ico">
      <Filter>Resource Files</Filter>
    </CustomBuild>
    <CustomBuild Include="CBKMapCtl.bmp">
      <Filter>Resource Files</Filter>
    </CustomBuild>
    <CustomBuild Include="res\LoadImg.png" />
    <CustomBuild Include="res\playbackbk.png" />
    <CustomBuild Include="res\PromptBox.png" />
    <CustomBuild Include="ReadMe.txt" />
    <CustomBuild Include="res\tipbox.png" />
    <CustomBuild Include="res\TitleBar.png" />
    <CustomBuild Include="res\tongjiBox.png" />
    <CustomBuild Include="res\ToolBk.png" />
    <CustomBuild Include="res\TSKchp.png" />
  </ItemGroup>
</Project>