
Microsoft Visual Studio Solution File, Format Version 10.00
# Visual Studio 2008
Project("{8BC9CEB8-8B4A-11D0-8D11-00A0C91BC942}") = "CBKPlatSDKz", "CBKPlatSDKz.vcproj", "{1864EF10-CDA2-4ADE-97C4-2F7EA5D7E87A}"
EndProject
Global
	GlobalSection(SolutionConfigurationPlatforms) = preSolution
		Debug|Win32 = Debug|Win32
		Release|Win32 = Release|Win32
	EndGlobalSection
	GlobalSection(ProjectConfigurationPlatforms) = postSolution
		{1864EF10-CDA2-4ADE-97C4-2F7EA5D7E87A}.Debug|Win32.ActiveCfg = Debug|Win32
		{1864EF10-CDA2-4ADE-97C4-2F7EA5D7E87A}.Debug|Win32.Build.0 = Debug|Win32
		{1864EF10-CDA2-4ADE-97C4-2F7EA5D7E87A}.Release|Win32.ActiveCfg = Release|Win32
		{1864EF10-CDA2-4ADE-97C4-2F7EA5D7E87A}.Release|Win32.Build.0 = Release|Win32
	EndGlobalSection
	GlobalSection(SolutionProperties) = preSolution
		HideSolutionNode = FALSE
	EndGlobalSection
EndGlobal
